
Microsoft Visual Studio Solution File, Format Version 12.00
# Visual Studio Version 17
VisualStudioVersion = 17.4.33205.214
MinimumVisualStudioVersion = 10.0.40219.1
Project("{FAE04EC0-301F-11D3-BF4B-00C04F79EFBC}") = "TestWinForms", "TestWinForms\TestWinForms.csproj", "{220D8203-B35B-4908-B5EC-468171215414}"
EndProject
Global
	GlobalSection(SolutionConfigurationPlatforms) = preSolution
		Debug|Any CPU = Debug|Any CPU
		Release|Any CPU = Release|Any CPU
	EndGlobalSection
	GlobalSection(ProjectConfigurationPlatforms) = postSolution
		{220D8203-B35B-4908-B5EC-468171215414}.Debug|Any CPU.ActiveCfg = Debug|Any CPU
		{220D8203-B35B-4908-B5EC-468171215414}.Debug|Any CPU.Build.0 = Debug|Any CPU
		{220D8203-B35B-4908-B5EC-468171215414}.Release|Any CPU.ActiveCfg = Release|Any CPU
		{220D8203-B35B-4908-B5EC-468171215414}.Release|Any CPU.Build.0 = Release|Any CPU
	EndGlobalSection
	GlobalSection(SolutionProperties) = preSolution
		HideSolutionNode = FALSE
	EndGlobalSection
	GlobalSection(ExtensibilityGlobals) = postSolution
		SolutionGuid = {C6C2A625-B95F-4923-A689-396DC05A12F9}
	EndGlobalSection
EndGlobal
